// !$*UTF8*$!
{
	archiveVersion = 1;
	classes = {
	};
	objectVersion = 46;
	objects = {

/* Begin PBXBuildFile section */
		698E8B1A1E8E1DEE00EBA5D2 /* AppDelegate.swift in Sources */ = {isa = PBXBuildFile; fileRef = 698E8B191E8E1DEE00EBA5D2 /* AppDelegate.swift */; };
		698E8B1C1E8E1DEE00EBA5D2 /* ViewController.swift in Sources */ = {isa = PBXBuildFile; fileRef = 698E8B1B1E8E1DEE00EBA5D2 /* ViewController.swift */; };
		698E8B1F1E8E1DEE00EBA5D2 /* Main.storyboard in Resources */ = {isa = PBXBuildFile; fileRef = 698E8B1D1E8E1DEE00EBA5D2 /* Main.storyboard */; };
		698E8B211E8E1DEE00EBA5D2 /* Assets.xcassets in Resources */ = {isa = PBXBuildFile; fileRef = 698E8B201E8E1DEE00EBA5D2 /* Assets.xcassets */; };
		698E8B241E8E1DEE00EBA5D2 /* LaunchScreen.storyboard in Resources */ = {isa = PBXBuildFile; fileRef = 698E8B221E8E1DEE00EBA5D2 /* LaunchScreen.storyboard */; };
		69EC20001E8F44EF0001993F /* Regex.swift in Sources */ = {isa = PBXBuildFile; fileRef = 69EC1FFF1E8F44EF0001993F /* Regex.swift */; };
		69EC20021E8F4D950001993F /* EquationGenerator.swift in Sources */ = {isa = PBXBuildFile; fileRef = 69EC20011E8F4D950001993F /* EquationGenerator.swift */; };
/* End PBXBuildFile section */

/* Begin PBXFileReference section */
		698E8B161E8E1DEE00EBA5D2 /* Calculate.app */ = {isa = PBXFileReference; explicitFileType = wrapper.application; includeInIndex = 0; path = Calculate.app; sourceTree = BUILT_PRODUCTS_DIR; };
		698E8B191E8E1DEE00EBA5D2 /* AppDelegate.swift */ = {isa = PBXFileReference; lastKnownFileType = sourcecode.swift; path = AppDelegate.swift; sourceTree = "<group>"; };
		698E8B1B1E8E1DEE00EBA5D2 /* ViewController.swift */ = {isa = PBXFileReference; lastKnownFileType = sourcecode.swift; path = ViewController.swift; sourceTree = "<group>"; };
		698E8B1E1E8E1DEE00EBA5D2 /* Base */ = {isa = PBXFileReference; lastKnownFileType = file.storyboard; name = Base; path = Base.lproj/Main.storyboard; sourceTree = "<group>"; };
		698E8B201E8E1DEE00EBA5D2 /* Assets.xcassets */ = {isa = PBXFileReference; lastKnownFileType = folder.assetcatalog; path = Assets.xcassets; sourceTree = "<group>"; };
		698E8B231E8E1DEE00EBA5D2 /* Base */ = {isa = PBXFileReference; lastKnownFileType = file.storyboard; name = Base; path = Base.lproj/LaunchScreen.storyboard; sourceTree = "<group>"; };
		698E8B251E8E1DEE00EBA5D2 /* Info.plist */ = {isa = PBXFileReference; lastKnownFileType = text.plist.xml; path = Info.plist; sourceTree = "<group>"; };
		69EC1FFF1E8F44EF0001993F /* Regex.swift */ = {isa = PBXFileReference; fileEncoding = 4; lastKnownFileType = sourcecode.swift; path = Regex.swift; sourceTree = "<group>"; };
		69EC20011E8F4D950001993F /* EquationGenerator.swift */ = {isa = PBXFileReference; fileEncoding = 4; lastKnownFileType = sourcecode.swift; path = EquationGenerator.swift; sourceTree = "<group>"; };
/* End PBXFileReference section */

/* Begin PBXFrameworksBuildPhase section */
		698E8B131E8E1DEE00EBA5D2 /* Frameworks */ = {
			isa = PBXFrameworksBuildPhase;
			buildActionMask = 2147483647;
			files = (
			);
			runOnlyForDeploymentPostprocessing = 0;
		};
/* End PBXFrameworksBuildPhase section */

/* Begin PBXGroup section */
		698E8B0D1E8E1DEE00EBA5D2 = {
			isa = PBXGroup;
			children = (
				698E8B181E8E1DEE00EBA5D2 /* Calculate */,
				698E8B171E8E1DEE00EBA5D2 /* Products */,
			);
			sourceTree = "<group>";
		};
		698E8B171E8E1DEE00EBA5D2 /* Products */ = {
			isa = PBXGroup;
			children = (
				698E8B161E8E1DEE00EBA5D2 /* Calculate.app */,
			);
			name = Products;
			sourceTree = "<group>";
		};
		698E8B181E8E1DEE00EBA5D2 /* Calculate */ = {
			isa = PBXGroup;
			children = (
				698E8B191E8E1DEE00EBA5D2 /* AppDelegate.swift */,
				698E8B1B1E8E1DEE00EBA5D2 /* ViewController.swift */,
				698E8B1D1E8E1DEE00EBA5D2 /* Main.storyboard */,
				698E8B201E8E1DEE00EBA5D2 /* Assets.xcassets */,
				698E8B221E8E1DEE00EBA5D2 /* LaunchScreen.storyboard */,
				698E8B251E8E1DEE00EBA5D2 /* Info.plist */,
				69EC1FFF1E8F44EF0001993F /* Regex.swift */,
				69EC20011E8F4D950001993F /* EquationGenerator.swift */,
			);
			path = Calculate;
			sourceTree = "<group>";
		};
/* End PBXGroup section */

/* Begin PBXNativeTarget section */
		698E8B151E8E1DEE00EBA5D2 /* Calculate */ = {
			isa = PBXNativeTarget;
			buildConfigurationList = 698E8B281E8E1DEE00EBA5D2 /* Build configuration list for PBXNativeTarget "Calculate" */;
			buildPhases = (
				698E8B121E8E1DEE00EBA5D2 /* Sources */,
				698E8B131E8E1DEE00EBA5D2 /* Frameworks */,
				698E8B141E8E1DEE00EBA5D2 /* Resources */,
			);
			buildRules = (
			);
			dependencies = (
			);
			name = Calculate;
			productName = Calculate;
			productReference = 698E8B161E8E1DEE00EBA5D2 /* Calculate.app */;
			productType = "com.apple.product-type.application";
		};
/* End PBXNativeTarget section */

/* Begin PBXProject section */
		698E8B0E1E8E1DEE00EBA5D2 /* Project object */ = {
			isa = PBXProject;
			attributes = {
				LastSwiftUpdateCheck = 0830;
				LastUpgradeCheck = 0830;
				ORGANIZATIONNAME = "Jay Patel";
				TargetAttributes = {
					698E8B151E8E1DEE00EBA5D2 = {
						CreatedOnToolsVersion = 8.3;
						DevelopmentTeam = VTK2A7Z4ZS;
						ProvisioningStyle = Automatic;
					};
				};
			};
			buildConfigurationList = 698E8B111E8E1DEE00EBA5D2 /* Build configuration list for PBXProject "Calculate" */;
			compatibilityVersion = "Xcode 3.2";
			developmentRegion = English;
			hasScannedForEncodings = 0;
			knownRegions = (
				en,
				Base,
			);
			mainGroup = 698E8B0D1E8E1DEE00EBA5D2;
			productRefGroup = 698E8B171E8E1DEE00EBA5D2 /* Products */;
			projectDirPath = "";
			projectRoot = "";
			targets = (
				698E8B151E8E1DEE00EBA5D2 /* Calculate */,
			);
		};
/* End PBXProject section */

/* Begin PBXResourcesBuildPhase section */
		698E8B141E8E1DEE00EBA5D2 /* Resources */ = {
			isa = PBXResourcesBuildPhase;
			buildActionMask = 2147483647;
			files = (
				698E8B241E8E1DEE00EBA5D2 /* LaunchScreen.storyboard in Resources */,
				698E8B211E8E1DEE00EBA5D2 /* Assets.xcassets in Resources */,
				698E8B1F1E8E1DEE00EBA5D2 /* Main.storyboard in Resources */,
			);
			runOnlyForDeploymentPostprocessing = 0;
		};
/* End PBXResourcesBuildPhase section */

/* Begin PBXSourcesBuildPhase section */
		698E8B121E8E1DEE00EBA5D2 /* Sources */ = {
			isa = PBXSourcesBuildPhase;
			buildActionMask = 2147483647;
			files = (
				698E8B1C1E8E1DEE00EBA5D2 /* ViewController.swift in Sources */,
				698E8B1A1E8E1DEE00EBA5D2 /* AppDelegate.swift in Sources */,
				69EC20001E8F44EF0001993F /* Regex.swift in Sources */,
				69EC20021E8F4D950001993F /* EquationGenerator.swift in Sources */,
			);
			runOnlyForDeploymentPostprocessing = 0;
		};
/* End PBXSourcesBuildPhase section */

/* Begin PBXVariantGroup section */
		698E8B1D1E8E1DEE00EBA5D2 /* Main.storyboard */ = {
			isa = PBXVariantGroup;
			children = (
				698E8B1E1E8E1DEE00EBA5D2 /* Base */,
			);
			name = Main.storyboard;
			sourceTree = "<group>";
		};
		698E8B221E8E1DEE00EBA5D2 /* LaunchScreen.storyboard */ = {
			isa = PBXVariantGroup;
			children = (
				698E8B231E8E1DEE00EBA5D2 /* Base */,
			);
			name = LaunchScreen.storyboard;
			sourceTree = "<group>";
		};
/* End PBXVariantGroup section */

/* Begin XCBuildConfiguration section */
		698E8B261E8E1DEE00EBA5D2 /* Debug */ = {
			isa = XCBuildConfiguration;
			buildSettings = {
				ALWAYS_SEARCH_USER_PATHS = NO;
				CLANG_ANALYZER_NONNULL = YES;
				CLANG_ANALYZER_NUMBER_OBJECT_CONVERSION = YES_AGGRESSIVE;
				CLANG_CXX_LANGUAGE_STANDARD = "gnu++0x";
				CLANG_CXX_LIBRARY = "libc++";
				CLANG_ENABLE_MODULES = YES;
				CLANG_ENABLE_OBJC_ARC = YES;
				CLANG_WARN_BOOL_CONVERSION = YES;
				CLANG_WARN_CONSTANT_CONVERSION = YES;
				CLANG_WARN_DIRECT_OBJC_ISA_USAGE = YES_ERROR;
				CLANG_WARN_DOCUMENTATION_COMMENTS = YES;
				CLANG_WARN_EMPTY_BODY = YES;
				CLANG_WARN_ENUM_CONVERSION = YES;
				CLANG_WARN_INFINITE_RECURSION = YES;
				CLANG_WARN_INT_CONVERSION = YES;
				CLANG_WARN_OBJC_ROOT_CLASS = YES_ERROR;
				CLANG_WARN_SUSPICIOUS_MOVE = YES;
				CLANG_WARN_UNREACHABLE_CODE = YES;
				CLANG_WARN__DUPLICATE_METHOD_MATCH = YES;
				"CODE_SIGN_IDENTITY[sdk=iphoneos*]" = "iPhone Developer";
				COPY_PHASE_STRIP = NO;
				DEBUG_INFORMATION_FORMAT = dwarf;
				ENABLE_STRICT_OBJC_MSGSEND = YES;
				ENABLE_TESTABILITY = YES;
				GCC_C_LANGUAGE_STANDARD = gnu99;
				GCC_DYNAMIC_NO_PIC = NO;
				GCC_NO_COMMON_BLOCKS = YES;
				GCC_OPTIMIZATION_LEVEL = 0;
				GCC_PREPROCESSOR_DEFINITIONS = (
					"DEBUG=1",
					"$(inherited)",
				);
				GCC_WARN_64_TO_32_BIT_CONVERSION = YES;
				GCC_WARN_ABOUT_RETURN_TYPE = YES_ERROR;
				GCC_WARN_UNDECLARED_SELECTOR = YES;
				GCC_WARN_UNINITIALIZED_AUTOS = YES_AGGRESSIVE;
				GCC_WARN_UNUSED_FUNCTION = YES;
				GCC_WARN_UNUSED_VARIABLE = YES;
				IPHONEOS_DEPLOYMENT_TARGET = 10.3;
				MTL_ENABLE_DEBUG_INFO = YES;
				ONLY_ACTIVE_ARCH = YES;
				SDKROOT = iphoneos;
				SWIFT_ACTIVE_COMPILATION_CONDITIONS = DEBUG;
				SWIFT_OPTIMIZATION_LEVEL = "-Onone";
				TARGETED_DEVICE_FAMILY = "1,2";
			};
			name = Debug;
		};
		698E8B271E8E1DEE00EBA5D2 /* Release */ = {
			isa = XCBuildConfiguration;
			buildSettings = {
				ALWAYS_SEARCH_USER_PATHS = NO;
				CLANG_ANALYZER_NONNULL = YES;
				CLANG_ANALYZER_NUMBER_OBJECT_CONVERSION = YES_AGGRESSIVE;
				CLANG_CXX_LANGUAGE_STANDARD = "gnu++0x";
				CLANG_CXX_LIBRARY = "libc++";
				CLANG_ENABLE_MODULES = YES;
				CLANG_ENABLE_OBJC_ARC = YES;
				CLANG_WARN_BOOL_CONVERSION = YES;
				CLANG_WARN_CONSTANT_CONVERSION = YES;
				CLANG_WARN_DIRECT_OBJC_ISA_USAGE = YES_ERROR;
				CLANG_WARN_DOCUMENTATION_COMMENTS = YES;
				CLANG_WARN_EMPTY_BODY = YES;
				CLANG_WARN_ENUM_CONVERSION = YES;
				CLANG_WARN_INFINITE_RECURSION = YES;
				CLANG_WARN_INT_CONVERSION = YES;
				CLANG_WARN_OBJC_ROOT_CLASS = YES_ERROR;
				CLANG_WARN_SUSPICIOUS_MOVE = YES;
				CLANG_WARN_UNREACHABLE_CODE = YES;
				CLANG_WARN__DUPLICATE_METHOD_MATCH = YES;
				"CODE_SIGN_IDENTITY[sdk=iphoneos*]" = "iPhone Developer";
				COPY_PHASE_STRIP = NO;
				DEBUG_INFORMATION_FORMAT = "dwarf-with-dsym";
				ENABLE_NS_ASSERTIONS = NO;
				ENABLE_STRICT_OBJC_MSGSEND = YES;
				GCC_C_LANGUAGE_STANDARD = gnu99;
				GCC_NO_COMMON_BLOCKS = YES;
				GCC_WARN_64_TO_32_BIT_CONVERSION = YES;
				GCC_WARN_ABOUT_RETURN_TYPE = YES_ERROR;
				GCC_WARN_UNDECLARED_SELECTOR = YES;
				GCC_WARN_UNINITIALIZED_AUTOS = YES_AGGRESSIVE;
				GCC_WARN_UNUSED_FUNCTION = YES;
				GCC_WARN_UNUSED_VARIABLE = YES;
				IPHONEOS_DEPLOYMENT_TARGET = 10.3;
				MTL_ENABLE_DEBUG_INFO = NO;
				SDKROOT = iphoneos;
				SWIFT_OPTIMIZATION_LEVEL = "-Owholemodule";
				TARGETED_DEVICE_FAMILY = "1,2";
				VALIDATE_PRODUCT = YES;
			};
			name = Release;
		};
		698E8B291E8E1DEE00EBA5D2 /* Debug */ = {
			isa = XCBuildConfiguration;
			buildSettings = {
				ASSETCATALOG_COMPILER_APPICON_NAME = AppIcon;
				DEVELOPMENT_TEAM = VTK2A7Z4ZS;
				INFOPLIST_FILE = Calculate/Info.plist;
				LD_RUNPATH_SEARCH_PATHS = "$(inherited) @executable_path/Frameworks";
				PRODUCT_BUNDLE_IDENTIFIER = com.jaypatel.Calculate;
				PRODUCT_NAME = "$(TARGET_NAME)";
				SWIFT_VERSION = 3.0;
			};
			name = Debug;
		};
		698E8B2A1E8E1DEE00EBA5D2 /* Release */ = {
			isa = XCBuildConfiguration;
			buildSettings = {
				ASSETCATALOG_COMPILER_APPICON_NAME = AppIcon;
				DEVELOPMENT_TEAM = VTK2A7Z4ZS;
				INFOPLIST_FILE = Calculate/Info.plist;
				LD_RUNPATH_SEARCH_PATHS = "$(inherited) @executable_path/Frameworks";
				PRODUCT_BUNDLE_IDENTIFIER = com.jaypatel.Calculate;
				PRODUCT_NAME = "$(TARGET_NAME)";
				SWIFT_VERSION = 3.0;
			};
			name = Release;
		};
/* End XCBuildConfiguration section */

/* Begin XCConfigurationList section */
		698E8B111E8E1DEE00EBA5D2 /* Build configuration list for PBXProject "Calculate" */ = {
			isa = XCConfigurationList;
			buildConfigurations = (
				698E8B261E8E1DEE00EBA5D2 /* Debug */,
				698E8B271E8E1DEE00EBA5D2 /* Release */,
			);
			defaultConfigurationIsVisible = 0;
			defaultConfigurationName = Release;
		};
		698E8B281E8E1DEE00EBA5D2 /* Build configuration list for PBXNativeTarget "Calculate" */ = {
			isa = XCConfigurationList;
			buildConfigurations = (
				698E8B291E8E1DEE00EBA5D2 /* Debug */,
				698E8B2A1E8E1DEE00EBA5D2 /* Release */,
			);
			defaultConfigurationIsVisible = 0;
			defaultConfigurationName = Release;
		};
/* End XCConfigurationList section */
	};
	rootObject = 698E8B0E1E8E1DEE00EBA5D2 /* Project object */;
}
